
Microsoft Visual Studio Solution File, Format Version 12.00
# Visual Studio Version 16
VisualStudioVersion = 16.0.31019.35
MinimumVisualStudioVersion = 10.0.40219.1
Project("{FAE04EC0-301F-11D3-BF4B-00C04F79EFBC}") = "bikeshare360.webpublic", "bikeshare360.webpublic\bikeshare360.webpublic.csproj", "{A39D11FB-9200-470F-A70A-06580A264CB4}"
EndProject
Global
	GlobalSection(SolutionConfigurationPlatforms) = preSolution
		Debug|Any CPU = Debug|Any CPU
		Release|Any CPU = Release|Any CPU
	EndGlobalSection
	GlobalSection(ProjectConfigurationPlatforms) = postSolution
		{A39D11FB-9200-470F-A70A-06580A264CB4}.Debug|Any CPU.ActiveCfg = Debug|Any CPU
		{A39D11FB-9200-470F-A70A-06580A264CB4}.Debug|Any CPU.Build.0 = Debug|Any CPU
		{A39D11FB-9200-470F-A70A-06580A264CB4}.Release|Any CPU.ActiveCfg = Release|Any CPU
		{A39D11FB-9200-470F-A70A-06580A264CB4}.Release|Any CPU.Build.0 = Release|Any CPU
	EndGlobalSection
	GlobalSection(SolutionProperties) = preSolution
		HideSolutionNode = FALSE
	EndGlobalSection
	GlobalSection(ExtensibilityGlobals) = postSolution
		SolutionGuid = {C116F506-EC70-47F4-A85A-11B2220197B1}
	EndGlobalSection
EndGlobal
